
Microsoft Visual Studio Solution File, Format Version 12.00
# Visual Studio Version 17
VisualStudioVersion = 17.2.32602.215
MinimumVisualStudioVersion = 10.0.40219.1
Project("{FAE04EC0-301F-11D3-BF4B-00C04F79EFBC}") = "TIC-TAC-TOE-GAME", "TIC-TAC-TOE-GAME\TIC-TAC-TOE-GAME.csproj", "{7392AE50-E3D9-434D-B2EB-1F67919AA2EB}"
EndProject
Global
	GlobalSection(SolutionConfigurationPlatforms) = preSolution
		Debug|Any CPU = Debug|Any CPU
		Release|Any CPU = Release|Any CPU
	EndGlobalSection
	GlobalSection(ProjectConfigurationPlatforms) = postSolution
		{7392AE50-E3D9-434D-B2EB-1F67919AA2EB}.Debug|Any CPU.ActiveCfg = Debug|Any CPU
		{7392AE50-E3D9-434D-B2EB-1F67919AA2EB}.Debug|Any CPU.Build.0 = Debug|Any CPU
		{7392AE50-E3D9-434D-B2EB-1F67919AA2EB}.Release|Any CPU.ActiveCfg = Release|Any CPU
		{7392AE50-E3D9-434D-B2EB-1F67919AA2EB}.Release|Any CPU.Build.0 = Release|Any CPU
	EndGlobalSection
	GlobalSection(SolutionProperties) = preSolution
		HideSolutionNode = FALSE
	EndGlobalSection
	GlobalSection(ExtensibilityGlobals) = postSolution
		SolutionGuid = {1B294C21-C679-4A3A-AF40-5C46FE89C151}
	EndGlobalSection
EndGlobal
